
Microsoft Visual Studio Solution File, Format Version 12.00
# Visual Studio Version 17
VisualStudioVersion = 17.4.33213.308
MinimumVisualStudioVersion = 10.0.40219.1
Project("{FAE04EC0-301F-11D3-BF4B-00C04F79EFBC}") = "Semester_Project", "Semester_Project.csproj", "{87FC3740-3B08-4323-A980-1C65F4D64B26}"
EndProject
Global
	GlobalSection(SolutionConfigurationPlatforms) = preSolution
		Debug|Any CPU = Debug|Any CPU
		Release|Any CPU = Release|Any CPU
	EndGlobalSection
	GlobalSection(ProjectConfigurationPlatforms) = postSolution
		{87FC3740-3B08-4323-A980-1C65F4D64B26}.Debug|Any CPU.ActiveCfg = Debug|Any CPU
		{87FC3740-3B08-4323-A980-1C65F4D64B26}.Debug|Any CPU.Build.0 = Debug|Any CPU
		{87FC3740-3B08-4323-A980-1C65F4D64B26}.Release|Any CPU.ActiveCfg = Release|Any CPU
		{87FC3740-3B08-4323-A980-1C65F4D64B26}.Release|Any CPU.Build.0 = Release|Any CPU
	EndGlobalSection
	GlobalSection(SolutionProperties) = preSolution
		HideSolutionNode = FALSE
	EndGlobalSection
	GlobalSection(ExtensibilityGlobals) = postSolution
		SolutionGuid = {EA0AF29F-D6EC-420D-9B2D-08E9BD2EB45E}
	EndGlobalSection
EndGlobal
